
Microsoft Visual Studio Solution File, Format Version 12.00
Project("{FAE04EC0-301F-11D3-BF4B-00C04F79EFBC}") = "ZhPPPSecretSantaTGBot", "ZhPPPSecretSantaTGBot\ZhPPPSecretSantaTGBot.csproj", "{6F80D4E6-0008-4D60-8E76-8676A27B51F2}"
EndProject
Project("{FAE04EC0-301F-11D3-BF4B-00C04F79EFBC}") = "ZhPPPSecretSantaSortingHatTool", "ZhPPPSecretSantaSortingHatTool\ZhPPPSecretSantaSortingHatTool.csproj", "{19A8F1DA-8C34-49C0-A7FB-93B983F80618}"
EndProject
Global
	GlobalSection(SolutionConfigurationPlatforms) = preSolution
		Debug|Any CPU = Debug|Any CPU
		Release|Any CPU = Release|Any CPU
	EndGlobalSection
	GlobalSection(ProjectConfigurationPlatforms) = postSolution
		{6F80D4E6-0008-4D60-8E76-8676A27B51F2}.Debug|Any CPU.ActiveCfg = Debug|Any CPU
		{6F80D4E6-0008-4D60-8E76-8676A27B51F2}.Debug|Any CPU.Build.0 = Debug|Any CPU
		{6F80D4E6-0008-4D60-8E76-8676A27B51F2}.Release|Any CPU.ActiveCfg = Release|Any CPU
		{6F80D4E6-0008-4D60-8E76-8676A27B51F2}.Release|Any CPU.Build.0 = Release|Any CPU
		{19A8F1DA-8C34-49C0-A7FB-93B983F80618}.Debug|Any CPU.ActiveCfg = Debug|Any CPU
		{19A8F1DA-8C34-49C0-A7FB-93B983F80618}.Debug|Any CPU.Build.0 = Debug|Any CPU
		{19A8F1DA-8C34-49C0-A7FB-93B983F80618}.Release|Any CPU.ActiveCfg = Release|Any CPU
		{19A8F1DA-8C34-49C0-A7FB-93B983F80618}.Release|Any CPU.Build.0 = Release|Any CPU
	EndGlobalSection
EndGlobal
